{
  "name": "nodebb-plugin-iframely",
  "version": "0.7.8",
  "lockfileVersion": 1,
  "requires": true,
  "dependencies": {
    "bson": {
      "version": "1.0.4",
      "resolved": "https://registry.npmjs.org/bson/-/bson-1.0.4.tgz",
      "integrity": "sha1-k8ENOeqltYQVy8QFLz5T5WKwtyw="
    },
    "buffer-shims": {
      "version": "1.0.0",
      "resolved": "https://registry.npmjs.org/buffer-shims/-/buffer-shims-1.0.0.tgz",
      "integrity": "sha1-mXjOMXOIxkmth5MCjDR37wRKi1E="
    },
    "cacheman": {
      "version": "2.2.1",
      "resolved": "https://registry.npmjs.org/cacheman/-/cacheman-2.2.1.tgz",
      "integrity": "sha1-NRDA3vEkKdYbeAEo/xj50oS7Arg=",
      "requires": {
        "cacheman-memory": "1.0.2",
        "ms": "0.7.3"
      }
    },
    "cacheman-memory": {
      "version": "1.0.2",
      "resolved": "https://registry.npmjs.org/cacheman-memory/-/cacheman-memory-1.0.2.tgz",
      "integrity": "sha1-OMebgPASsQO/qoNG1u10cwp+3pw=",
      "requires": {
        "lru-cache": "https://registry.npmjs.org/lru-cache/-/lru-cache-2.7.3.tgz"
      }
    },
    "cacheman-mongo": {
      "version": "1.0.3",
      "resolved": "https://registry.npmjs.org/cacheman-mongo/-/cacheman-mongo-1.0.3.tgz",
      "integrity": "sha1-NqpLJRRmXWN7y3UBxtmye+zmOhc=",
      "requires": {
        "mongodb": "2.2.34",
        "mongodb-uri": "0.9.7",
        "pre-commit": "1.2.2",
        "thunky": "0.1.0"
      }
    },
    "concat-stream": {
      "version": "1.6.0",
      "resolved": "https://registry.npmjs.org/concat-stream/-/concat-stream-1.6.0.tgz",
      "integrity": "sha1-CqxmL9Ur54lk1VMvaUeE5wEQrPc=",
      "requires": {
        "inherits": "2.0.3",
        "readable-stream": "2.2.7",
        "typedarray": "0.0.6"
      }
    },
    "core-util-is": {
      "version": "1.0.2",
      "resolved": "https://registry.npmjs.org/core-util-is/-/core-util-is-1.0.2.tgz",
      "integrity": "sha1-tf1UIgqivFq1eqtxQMlAdUUDwac="
    },
    "cross-spawn": {
      "version": "5.1.0",
      "resolved": "https://registry.npmjs.org/cross-spawn/-/cross-spawn-5.1.0.tgz",
      "integrity": "sha1-6L0O/uWPz/b4+UUQoKVUu/ojVEk=",
      "requires": {
        "lru-cache": "4.1.1",
        "shebang-command": "1.2.0",
        "which": "1.2.14"
      },
      "dependencies": {
        "lru-cache": {
          "version": "4.1.1",
          "resolved": "https://registry.npmjs.org/lru-cache/-/lru-cache-4.1.1.tgz",
          "integrity": "sha512-q4spe4KTfsAS1SUHLO0wz8Qiyf1+vMIAgpRYioFYDMNqKfHQbg+AVDH3i4fvpl71/P1L0dBl+fQi+P37UYf0ew==",
          "requires": {
            "pseudomap": "1.0.2",
            "yallist": "2.1.2"
          }
        }
      }
    },
    "es6-promise": {
      "version": "3.2.1",
      "resolved": "https://registry.npmjs.org/es6-promise/-/es6-promise-3.2.1.tgz",
      "integrity": "sha1-7FYjOGgDKQkgcXDDlEjiREndH8Q="
    },
    "inherits": {
      "version": "2.0.3",
      "resolved": "https://registry.npmjs.org/inherits/-/inherits-2.0.3.tgz",
      "integrity": "sha1-Yzwsg+PaQqUC9SRmAiSA9CCCYd4="
    },
    "isarray": {
      "version": "1.0.0",
      "resolved": "https://registry.npmjs.org/isarray/-/isarray-1.0.0.tgz",
      "integrity": "sha1-u5NdSFgsuhaMBoNJV6VKPgcSTxE="
    },
    "isexe": {
      "version": "2.0.0",
      "resolved": "https://registry.npmjs.org/isexe/-/isexe-2.0.0.tgz",
      "integrity": "sha1-6PvzdNxVb/iUehDcsFctYz8s+hA="
    },
    "lru-cache": {
      "version": "https://registry.npmjs.org/lru-cache/-/lru-cache-2.7.3.tgz",
      "integrity": "sha1-bUUk6LlV+V1PW1iFHOId1y+06VI="
    },
    "moment": {
      "version": "2.20.1",
      "resolved": "https://registry.npmjs.org/moment/-/moment-2.20.1.tgz",
      "integrity": "sha512-Yh9y73JRljxW5QxN08Fner68eFLxM5ynNOAw2LbIB1YAGeQzZT8QFSUvkAz609Zf+IHhhaUxqZK8dG3W/+HEvg=="
    },
    "mongodb": {
      "version": "2.2.34",
      "resolved": "https://registry.npmjs.org/mongodb/-/mongodb-2.2.34.tgz",
      "integrity": "sha1-o09Zu+thdUrsQy3nLD/iFSakTBo=",
      "requires": {
        "es6-promise": "3.2.1",
        "mongodb-core": "2.1.18",
        "readable-stream": "2.2.7"
      }
    },
    "mongodb-core": {
      "version": "2.1.18",
      "resolved": "https://registry.npmjs.org/mongodb-core/-/mongodb-core-2.1.18.tgz",
      "integrity": "sha1-TEYTm986HwMt7ZHbSfOO7AFlkFA=",
      "requires": {
        "bson": "1.0.4",
        "require_optional": "1.0.1"
      }
    },
    "mongodb-uri": {
      "version": "0.9.7",
      "resolved": "https://registry.npmjs.org/mongodb-uri/-/mongodb-uri-0.9.7.tgz",
      "integrity": "sha1-D3ca0W9IOuZfQoeWlCjp+8SqYYE="
    },
    "ms": {
      "version": "0.7.3",
      "resolved": "https://registry.npmjs.org/ms/-/ms-0.7.3.tgz",
      "integrity": "sha1-cIFVpeROM/X9D8U+gdDUCpG+H/8="
    },
    "os-shim": {
      "version": "0.1.3",
      "resolved": "https://registry.npmjs.org/os-shim/-/os-shim-0.1.3.tgz",
      "integrity": "sha1-a2LDeRz3kJ6jXtRuF2WLtBfLORc="
    },
    "pre-commit": {
      "version": "1.2.2",
      "resolved": "https://registry.npmjs.org/pre-commit/-/pre-commit-1.2.2.tgz",
      "integrity": "sha1-287g7p3nI15X95xW186UZBpp7sY=",
      "requires": {
        "cross-spawn": "5.1.0",
        "spawn-sync": "1.0.15",
        "which": "1.2.14"
      }
    },
    "process-nextick-args": {
      "version": "1.0.7",
      "resolved": "https://registry.npmjs.org/process-nextick-args/-/process-nextick-args-1.0.7.tgz",
      "integrity": "sha1-FQ4gt1ZZCtP5EJPyWk8q2L/zC6M="
    },
    "pseudomap": {
      "version": "1.0.2",
      "resolved": "https://registry.npmjs.org/pseudomap/-/pseudomap-1.0.2.tgz",
      "integrity": "sha1-8FKijacOYYkX7wqKw0wa5aaChrM="
    },
    "readable-stream": {
      "version": "2.2.7",
      "resolved": "https://registry.npmjs.org/readable-stream/-/readable-stream-2.2.7.tgz",
      "integrity": "sha1-BwV6y+JGeyIELTb5jFrVBwVOlbE=",
      "requires": {
        "buffer-shims": "1.0.0",
        "core-util-is": "1.0.2",
        "inherits": "2.0.3",
        "isarray": "1.0.0",
        "process-nextick-args": "1.0.7",
        "string_decoder": "1.0.3",
        "util-deprecate": "1.0.2"
      }
    },
    "require_optional": {
      "version": "1.0.1",
      "resolved": "https://registry.npmjs.org/require_optional/-/require_optional-1.0.1.tgz",
      "integrity": "sha512-qhM/y57enGWHAe3v/NcwML6a3/vfESLe/sGM2dII+gEO0BpKRUkWZow/tyloNqJyN6kXSl3RyyM8Ll5D/sJP8g==",
      "requires": {
        "resolve-from": "2.0.0",
        "semver": "5.5.0"
      }
    },
    "resolve-from": {
      "version": "2.0.0",
      "resolved": "https://registry.npmjs.org/resolve-from/-/resolve-from-2.0.0.tgz",
      "integrity": "sha1-lICrIOlP+h2egKgEx+oUdhGWa1c="
    },
    "safe-buffer": {
      "version": "5.1.1",
      "resolved": "https://registry.npmjs.org/safe-buffer/-/safe-buffer-5.1.1.tgz",
      "integrity": "sha512-kKvNJn6Mm93gAczWVJg7wH+wGYWNrDHdWvpUmHyEsgCtIwwo3bqPtV4tR5tuPaUhTOo/kvhVwd8XwwOllGYkbg=="
    },
    "semver": {
      "version": "5.5.0",
      "resolved": "https://registry.npmjs.org/semver/-/semver-5.5.0.tgz",
      "integrity": "sha512-4SJ3dm0WAwWy/NVeioZh5AntkdJoWKxHxcmyP622fOkgHa4z3R0TdBJICINyaSDE6uNwVc8gZr+ZinwZAH4xIA=="
    },
    "shebang-command": {
      "version": "1.2.0",
      "resolved": "https://registry.npmjs.org/shebang-command/-/shebang-command-1.2.0.tgz",
      "integrity": "sha1-RKrGW2lbAzmJaMOfNj/uXer98eo=",
      "requires": {
        "shebang-regex": "1.0.0"
      }
    },
    "shebang-regex": {
      "version": "1.0.0",
      "resolved": "https://registry.npmjs.org/shebang-regex/-/shebang-regex-1.0.0.tgz",
      "integrity": "sha1-2kL0l0DAtC2yypcoVxyxkMmO/qM="
    },
    "spawn-sync": {
      "version": "1.0.15",
      "resolved": "https://registry.npmjs.org/spawn-sync/-/spawn-sync-1.0.15.tgz",
      "integrity": "sha1-sAeZVX63+wyDdsKdROih6mfldHY=",
      "requires": {
        "concat-stream": "1.6.0",
        "os-shim": "0.1.3"
      }
    },
    "string_decoder": {
      "version": "1.0.3",
      "resolved": "https://registry.npmjs.org/string_decoder/-/string_decoder-1.0.3.tgz",
      "integrity": "sha512-4AH6Z5fzNNBcH+6XDMfA/BTt87skxqJlO0lAh3Dker5zThcAxG6mKz+iGu308UKoPPQ8Dcqx/4JhujzltRa+hQ==",
      "requires": {
        "safe-buffer": "5.1.1"
      }
    },
    "thunky": {
      "version": "0.1.0",
      "resolved": "https://registry.npmjs.org/thunky/-/thunky-0.1.0.tgz",
      "integrity": "sha1-vzAUaCTituZ7Dy16Ssi+smkIaE4="
    },
    "typedarray": {
      "version": "0.0.6",
      "resolved": "https://registry.npmjs.org/typedarray/-/typedarray-0.0.6.tgz",
      "integrity": "sha1-hnrHTjhkGHsdPUfZlqeOxciDB3c="
    },
    "util-deprecate": {
      "version": "1.0.2",
      "resolved": "https://registry.npmjs.org/util-deprecate/-/util-deprecate-1.0.2.tgz",
      "integrity": "sha1-RQ1Nyfpw3nMnYvvS1KKJgUGaDM8="
    },
    "which": {
      "version": "1.2.14",
      "resolved": "https://registry.npmjs.org/which/-/which-1.2.14.tgz",
      "integrity": "sha1-mofEN48D6CfOyvGs31bHNsAcFOU=",
      "requires": {
        "isexe": "2.0.0"
      }
    },
    "yallist": {
      "version": "2.1.2",
      "resolved": "https://registry.npmjs.org/yallist/-/yallist-2.1.2.tgz",
      "integrity": "sha1-HBH5IY8HYImkfdUS+TxmmaaoHVI="
    }
  }
}
